{
  "nodes": {
    "nixos-hardware": {
      "locked": {
        "lastModified": 1769302137,
        "narHash": "sha256-QEDtctEkOsbx8nlFh4yqPEOtr4tif6KTqWwJ37IM2ds=",
        "owner": "NixOS",
        "repo": "nixos-hardware",
        "rev": "a351494b0e35fd7c0b7a1aae82f0afddf4907aa8",
        "type": "github"
      },
      "original": {
        "owner": "NixOS",
        "repo": "nixos-hardware",
        "type": "github"
      }
    },
    "nixpkgs": {
      "locked": {
        "lastModified": 1769598131,
        "narHash": "sha256-e7VO/kGLgRMbWtpBqdWl0uFg8Y2XWFMdz0uUJvlML8o=",
        "owner": "NixOS",
        "repo": "nixpkgs",
        "rev": "fa83fd837f3098e3e678e6cf017b2b36102c7211",
        "type": "github"
      },
      "original": {
        "id": "nixpkgs",
        "ref": "nixos-25.11",
        "type": "indirect"
      }
    },
    "root": {
      "inputs": {
        "nixos-hardware": "nixos-hardware",
        "nixpkgs": "nixpkgs"
      }
    }
  },
  "root": "root",
  "version": 7
}
