{
  "nodes": {
    "nixos-hardware": {
      "locked": {
        "lastModified": 1718429294,
        "narHash": "sha256-uhKuPVN8IZJCWwFhNupTxES7LMo8ot2KC6+VmVWwzyU=",
        "owner": "NixOS",
        "repo": "nixos-hardware",
        "rev": "239c3864fef6292262d23cff58ce81674f309142",
        "type": "github"
      },
      "original": {
        "owner": "NixOS",
        "repo": "nixos-hardware",
        "type": "github"
      }
    },
    "nixpkgs": {
      "locked": {
        "lastModified": 1718208800,
        "narHash": "sha256-US1tAChvPxT52RV8GksWZS415tTS7PV42KTc2PNDBmc=",
        "owner": "NixOS",
        "repo": "nixpkgs",
        "rev": "cc54fb41d13736e92229c21627ea4f22199fee6b",
        "type": "github"
      },
      "original": {
        "id": "nixpkgs",
        "ref": "nixos-24.05",
        "type": "indirect"
      }
    },
    "root": {
      "inputs": {
        "nixos-hardware": "nixos-hardware",
        "nixpkgs": "nixpkgs"
      }
    }
  },
  "root": "root",
  "version": 7
}
