{
  "nodes": {
    "nixos-hardware": {
      "locked": {
        "lastModified": 1688798314,
        "narHash": "sha256-MFG5rx7L756rtrPHsL662m64AZ4sKqUcApaiYgSKfNM=",
        "owner": "NixOS",
        "repo": "nixos-hardware",
        "rev": "47dca15d86fdd2eabcf434d7cc0b5baa8d1a463c",
        "type": "github"
      },
      "original": {
        "owner": "NixOS",
        "repo": "nixos-hardware",
        "type": "github"
      }
    },
    "nixpkgs": {
      "locked": {
        "lastModified": 1699169573,
        "narHash": "sha256-cvUb1xZkvOp3W2SzylStrTirhVd9zCeo5utJl9nSIhw=",
        "owner": "NixOS",
        "repo": "nixpkgs",
        "rev": "aeefe2054617cae501809b82b44a8e8f7be7cc4b",
        "type": "github"
      },
      "original": {
        "id": "nixpkgs",
        "ref": "nixos-23.05",
        "type": "indirect"
      }
    },
    "root": {
      "inputs": {
        "nixos-hardware": "nixos-hardware",
        "nixpkgs": "nixpkgs"
      }
    }
  },
  "root": "root",
  "version": 7
}
