{
  "nodes": {
    "nixos-hardware": {
      "locked": {
        "lastModified": 1688798314,
        "narHash": "sha256-MFG5rx7L756rtrPHsL662m64AZ4sKqUcApaiYgSKfNM=",
        "owner": "NixOS",
        "repo": "nixos-hardware",
        "rev": "47dca15d86fdd2eabcf434d7cc0b5baa8d1a463c",
        "type": "github"
      },
      "original": {
        "owner": "NixOS",
        "repo": "nixos-hardware",
        "type": "github"
      }
    },
    "nixpkgs": {
      "locked": {
        "lastModified": 1688868408,
        "narHash": "sha256-RR9N5XTAxSBhK8MCvLq9uxfdkd7etC//seVXldy0k48=",
        "owner": "NixOS",
        "repo": "nixpkgs",
        "rev": "510d721ce097150ae3b80f84b04b13b039186571",
        "type": "github"
      },
      "original": {
        "id": "nixpkgs",
        "ref": "nixos-23.05",
        "type": "indirect"
      }
    },
    "root": {
      "inputs": {
        "nixos-hardware": "nixos-hardware",
        "nixpkgs": "nixpkgs"
      }
    }
  },
  "root": "root",
  "version": 7
}
