{
  "nodes": {
    "home-manager": {
      "inputs": {
        "nixpkgs": [
          "nixpkgs"
        ]
      },
      "locked": {
        "lastModified": 1712386041,
        "narHash": "sha256-dA82pOMQNnCJMAsPG7AXG35VmCSMZsJHTFlTHizpKWQ=",
        "owner": "nix-community",
        "repo": "home-manager",
        "rev": "d6bb9f934f2870e5cbc5b94c79e9db22246141ff",
        "type": "github"
      },
      "original": {
        "owner": "nix-community",
        "ref": "release-23.11",
        "repo": "home-manager",
        "type": "github"
      }
    },
    "nix-index-database": {
      "inputs": {
        "nixpkgs": [
          "nixpkgs"
        ]
      },
      "locked": {
        "lastModified": 1713067146,
        "narHash": "sha256-9D20xjblGKEVRVCnM3qWhiizEa9i6OpK6xQJajwcwOQ=",
        "owner": "Mic92",
        "repo": "nix-index-database",
        "rev": "93aed67288be60c9ef6133ba2f8de128f4ef265c",
        "type": "github"
      },
      "original": {
        "owner": "Mic92",
        "repo": "nix-index-database",
        "type": "github"
      }
    },
    "nixpkgs": {
      "locked": {
        "lastModified": 1713145326,
        "narHash": "sha256-m7+IWM6mkWOg22EC5kRUFCycXsXLSU7hWmHdmBfmC3s=",
        "owner": "NixOS",
        "repo": "nixpkgs",
        "rev": "53a2c32bc66f5ae41a28d7a9a49d321172af621e",
        "type": "github"
      },
      "original": {
        "id": "nixpkgs",
        "ref": "nixos-23.11",
        "type": "indirect"
      }
    },
    "nixpkgs-unstable": {
      "locked": {
        "lastModified": 1715087517,
        "narHash": "sha256-CLU5Tsg24Ke4+7sH8azHWXKd0CFd4mhLWfhYgUiDBpQ=",
        "owner": "NixOS",
        "repo": "nixpkgs",
        "rev": "b211b392b8486ee79df6cdfb1157ad2133427a29",
        "type": "github"
      },
      "original": {
        "id": "nixpkgs",
        "ref": "nixos-unstable",
        "type": "indirect"
      }
    },
    "root": {
      "inputs": {
        "home-manager": "home-manager",
        "nix-index-database": "nix-index-database",
        "nixpkgs": "nixpkgs",
        "nixpkgs-unstable": "nixpkgs-unstable"
      }
    }
  },
  "root": "root",
  "version": 7
}
